
Microsoft Visual Studio Solution File, Format Version 12.00
# Visual Studio 15
VisualStudioVersion = 15.0.27130.2027
MinimumVisualStudioVersion = 10.0.40219.1
Project("{8BC9CEB8-8B4A-11D0-8D11-00A0C91BC942}") = "BinaryTreeLibrary", "CS2250_BinaryTreeLecture\CS2250_BinaryTreeLecture.vcxproj", "{FC4FE3E4-A5E0-485E-A762-FBB1C984E851}"
EndProject
Project("{8BC9CEB8-8B4A-11D0-8D11-00A0C91BC942}") = "BinaryTreeTests", "BinaryTreeTests\BinaryTreeTests.vcxproj", "{6B4845DF-B738-4DA2-B571-2B1A6D342707}"
	ProjectSection(ProjectDependencies) = postProject
		{FC4FE3E4-A5E0-485E-A762-FBB1C984E851} = {FC4FE3E4-A5E0-485E-A762-FBB1C984E851}
	EndProjectSection
EndProject
Project("{8BC9CEB8-8B4A-11D0-8D11-00A0C91BC942}") = "BinaryTreeMain", "BinaryTreeMain\BinaryTreeMain.vcxproj", "{56B6BD72-33E6-42FF-85CF-053CCE0B1E03}"
	ProjectSection(ProjectDependencies) = postProject
		{FC4FE3E4-A5E0-485E-A762-FBB1C984E851} = {FC4FE3E4-A5E0-485E-A762-FBB1C984E851}
	EndProjectSection
EndProject
Global
	GlobalSection(SolutionConfigurationPlatforms) = preSolution
		Debug|Win32 = Debug|Win32
		Debug|x64 = Debug|x64
		Release|Win32 = Release|Win32
		Release|x64 = Release|x64
	EndGlobalSection
	GlobalSection(ProjectConfigurationPlatforms) = postSolution
		{FC4FE3E4-A5E0-485E-A762-FBB1C984E851}.Debug|Win32.ActiveCfg = Debug|Win32
		{FC4FE3E4-A5E0-485E-A762-FBB1C984E851}.Debug|Win32.Build.0 = Debug|Win32
		{FC4FE3E4-A5E0-485E-A762-FBB1C984E851}.Debug|x64.ActiveCfg = Debug|Win32
		{FC4FE3E4-A5E0-485E-A762-FBB1C984E851}.Release|Win32.ActiveCfg = Release|Win32
		{FC4FE3E4-A5E0-485E-A762-FBB1C984E851}.Release|Win32.Build.0 = Release|Win32
		{FC4FE3E4-A5E0-485E-A762-FBB1C984E851}.Release|x64.ActiveCfg = Release|Win32
		{6B4845DF-B738-4DA2-B571-2B1A6D342707}.Debug|Win32.ActiveCfg = Debug|Win32
		{6B4845DF-B738-4DA2-B571-2B1A6D342707}.Debug|Win32.Build.0 = Debug|Win32
		{6B4845DF-B738-4DA2-B571-2B1A6D342707}.Debug|x64.ActiveCfg = Debug|Win32
		{6B4845DF-B738-4DA2-B571-2B1A6D342707}.Release|Win32.ActiveCfg = Release|Win32
		{6B4845DF-B738-4DA2-B571-2B1A6D342707}.Release|Win32.Build.0 = Release|Win32
		{6B4845DF-B738-4DA2-B571-2B1A6D342707}.Release|x64.ActiveCfg = Release|Win32
		{56B6BD72-33E6-42FF-85CF-053CCE0B1E03}.Debug|Win32.ActiveCfg = Debug|Win32
		{56B6BD72-33E6-42FF-85CF-053CCE0B1E03}.Debug|Win32.Build.0 = Debug|Win32
		{56B6BD72-33E6-42FF-85CF-053CCE0B1E03}.Debug|x64.ActiveCfg = Debug|Win32
		{56B6BD72-33E6-42FF-85CF-053CCE0B1E03}.Release|Win32.ActiveCfg = Release|Win32
		{56B6BD72-33E6-42FF-85CF-053CCE0B1E03}.Release|Win32.Build.0 = Release|Win32
		{56B6BD72-33E6-42FF-85CF-053CCE0B1E03}.Release|x64.ActiveCfg = Release|Win32
	EndGlobalSection
	GlobalSection(SolutionProperties) = preSolution
		HideSolutionNode = FALSE
	EndGlobalSection
	GlobalSection(ExtensibilityGlobals) = postSolution
		SolutionGuid = {8BDE0E32-FFE2-4A30-B85A-4619A943349E}
	EndGlobalSection
EndGlobal
